
Microsoft Visual Studio Solution File, Format Version 12.00
# Visual Studio Version 16
VisualStudioVersion = 16.0.29926.136
MinimumVisualStudioVersion = 10.0.40219.1
Project("{FAE04EC0-301F-11D3-BF4B-00C04F79EFBC}") = "Proyecto14Abril", "Proyecto14Abril\Proyecto14Abril.csproj", "{C6F377A0-C03F-4F2B-8998-34A1565AC2A6}"
EndProject
Global
	GlobalSection(SolutionConfigurationPlatforms) = preSolution
		Debug|Any CPU = Debug|Any CPU
		Release|Any CPU = Release|Any CPU
	EndGlobalSection
	GlobalSection(ProjectConfigurationPlatforms) = postSolution
		{C6F377A0-C03F-4F2B-8998-34A1565AC2A6}.Debug|Any CPU.ActiveCfg = Debug|Any CPU
		{C6F377A0-C03F-4F2B-8998-34A1565AC2A6}.Debug|Any CPU.Build.0 = Debug|Any CPU
		{C6F377A0-C03F-4F2B-8998-34A1565AC2A6}.Release|Any CPU.ActiveCfg = Release|Any CPU
		{C6F377A0-C03F-4F2B-8998-34A1565AC2A6}.Release|Any CPU.Build.0 = Release|Any CPU
	EndGlobalSection
	GlobalSection(SolutionProperties) = preSolution
		HideSolutionNode = FALSE
	EndGlobalSection
	GlobalSection(ExtensibilityGlobals) = postSolution
		SolutionGuid = {4A710154-8CC4-4675-BCA0-7F13A56F33AB}
	EndGlobalSection
EndGlobal
